Microsoft Visual Studio Solution File, Format Version 12.00
# Visual Studio Version 16
VisualStudioVersion = 16.0.30413.136
MinimumVisualStudioVersion = 10.0.40219.1
Project("{FAE04EC0-301F-11D3-BF4B-00C04F79EFBC}") = "TestProgressRing", "TestProgressRing\TestProgressRing.csproj", "{2690DF4E-ECB5-4146-9F03-63ED65D216F2}"
EndProject
Project("{FAE04EC0-301F-11D3-BF4B-00C04F79EFBC}") = "TestProgressRing.iOS", "iOS\TestProgressRing.iOS.csproj", "{176B83A0-3878-4159-954E-CEB9ACBB35CF}"
EndProject
Project("{FAE04EC0-301F-11D3-BF4B-00C04F79EFBC}") = "TestProgressRing.Droid", "Droid\TestProgressRing.Droid.csproj", "{C2B1824E-C187-42B1-AE63-7CEB5DC95AF1}"
EndProject
Project("{FAE04EC0-301F-11D3-BF4B-00C04F79EFBC}") = "ProgressRing.Forms.Plugin", "..\src\ProgressRing.Forms.Plugin\ProgressRing.Forms.Plugin.csproj", "{26CFF98B-56A6-4BDF-A231-CC5E8553F2F6}"
EndProject
Project("{FAE04EC0-301F-11D3-BF4B-00C04F79EFBC}") = "ProgressRing.Forms.Plugin.Android", "..\src\ProgressRing.Forms.Plugin.Android\ProgressRing.Forms.Plugin.Android.csproj", "{48702F21-AAC8-459F-A370-25BDCBF760BD}"
EndProject
Project("{FAE04EC0-301F-11D3-BF4B-00C04F79EFBC}") = "ProgressRing.Forms.Plugin.iOS", "..\src\ProgressRing.Forms.Plugin.iOS\ProgressRing.Forms.Plugin.iOS.csproj", "{3FC55525-BE91-40F1-97E5-EBF1CC2F7C99}"
EndProject
Project("{2150E333-8FDC-42A3-9474-1A3956D46DE8}") = "TestApps", "TestApps", "{03F44A59-06F6-4AB9-B462-07188BDAEAE2}"
EndProject
Project("{FAE04EC0-301F-11D3-BF4B-00C04F79EFBC}") = "ProgressRing.Forms.Plugin.UWP", "..\src\ProgressRing.Forms.Plugin.UWP\ProgressRing.Forms.Plugin.UWP.csproj", "{F61C1024-291F-416B-8F81-6C6F3346B942}"
EndProject
Project("{FAE04EC0-301F-11D3-BF4B-00C04F79EFBC}") = "TestProgressRing.UWP", "TestProgressRing.UWP\TestProgressRing.UWP.csproj", "{D3D5B122-CC4B-4D7F-B04B-CD4579897EBE}"
EndProject
Global
	GlobalSection(SolutionConfigurationPlatforms) = preSolution
		Debug|Any CPU = Debug|Any CPU
		Debug|ARM = Debug|ARM
		Debug|ARM64 = Debug|ARM64
		Debug|iPhone = Debug|iPhone
		Debug|iPhoneSimulator = Debug|iPhoneSimulator
		Debug|x64 = Debug|x64
		Debug|x86 = Debug|x86
		Release|Any CPU = Release|Any CPU
		Release|ARM = Release|ARM
		Release|ARM64 = Release|ARM64
		Release|iPhone = Release|iPhone
		Release|iPhoneSimulator = Release|iPhoneSimulator
		Release|x64 = Release|x64
		Release|x86 = Release|x86
	EndGlobalSection
	GlobalSection(ProjectConfigurationPlatforms) = postSolution
		{2690DF4E-ECB5-4146-9F03-63ED65D216F2}.Debug|Any CPU.ActiveCfg = Debug|Any CPU
		{2690DF4E-ECB5-4146-9F03-63ED65D216F2}.Debug|Any CPU.Build.0 = Debug|Any CPU
		{2690DF4E-ECB5-4146-9F03-63ED65D216F2}.Debug|ARM.ActiveCfg = Debug|Any CPU
		{2690DF4E-ECB5-4146-9F03-63ED65D216F2}.Debug|ARM.Build.0 = Debug|Any CPU
		{2690DF4E-ECB5-4146-9F03-63ED65D216F2}.Debug|ARM64.ActiveCfg = Debug|Any CPU
		{2690DF4E-ECB5-4146-9F03-63ED65D216F2}.Debug|ARM64.Build.0 = Debug|Any CPU
		{2690DF4E-ECB5-4146-9F03-63ED65D216F2}.Debug|iPhone.ActiveCfg = Debug|Any CPU
		{2690DF4E-ECB5-4146-9F03-63ED65D216F2}.Debug|iPhone.Build.0 = Debug|Any CPU
		{2690DF4E-ECB5-4146-9F03-63ED65D216F2}.Debug|iPhoneSimulator.ActiveCfg = Debug|Any CPU
		{2690DF4E-ECB5-4146-9F03-63ED65D216F2}.Debug|iPhoneSimulator.Build.0 = Debug|Any CPU
		{2690DF4E-ECB5-4146-9F03-63ED65D216F2}.Debug|x64.ActiveCfg = Debug|Any CPU
		{2690DF4E-ECB5-4146-9F03-63ED65D216F2}.Debug|x64.Build.0 = Debug|Any CPU
		{2690DF4E-ECB5-4146-9F03-63ED65D216F2}.Debug|x86.ActiveCfg = Debug|Any CPU
		{2690DF4E-ECB5-4146-9F03-63ED65D216F2}.Debug|x86.Build.0 = Debug|Any CPU
		{2690DF4E-ECB5-4146-9F03-63ED65D216F2}.Release|Any CPU.ActiveCfg = Release|Any CPU
		{2690DF4E-ECB5-4146-9F03-63ED65D216F2}.Release|Any CPU.Build.0 = Release|Any CPU
		{2690DF4E-ECB5-4146-9F03-63ED65D216F2}.Release|ARM.ActiveCfg = Release|Any CPU
		{2690DF4E-ECB5-4146-9F03-63ED65D216F2}.Release|ARM.Build.0 = Release|Any CPU
		{2690DF4E-ECB5-4146-9F03-63ED65D216F2}.Release|ARM64.ActiveCfg = Release|Any CPU
		{2690DF4E-ECB5-4146-9F03-63ED65D216F2}.Release|ARM64.Build.0 = Release|Any CPU
		{2690DF4E-ECB5-4146-9F03-63ED65D216F2}.Release|iPhone.ActiveCfg = Release|Any CPU
		{2690DF4E-ECB5-4146-9F03-63ED65D216F2}.Release|iPhone.Build.0 = Release|Any CPU
		{2690DF4E-ECB5-4146-9F03-63ED65D216F2}.Release|iPhoneSimulator.ActiveCfg = Release|Any CPU
		{2690DF4E-ECB5-4146-9F03-63ED65D216F2}.Release|iPhoneSimulator.Build.0 = Release|Any CPU
		{2690DF4E-ECB5-4146-9F03-63ED65D216F2}.Release|x64.ActiveCfg = Release|Any CPU
		{2690DF4E-ECB5-4146-9F03-63ED65D216F2}.Release|x64.Build.0 = Release|Any CPU
		{2690DF4E-ECB5-4146-9F03-63ED65D216F2}.Release|x86.ActiveCfg = Release|Any CPU
		{2690DF4E-ECB5-4146-9F03-63ED65D216F2}.Release|x86.Build.0 = Release|Any CPU
		{176B83A0-3878-4159-954E-CEB9ACBB35CF}.Debug|Any CPU.ActiveCfg = Debug|iPhoneSimulator
		{176B83A0-3878-4159-954E-CEB9ACBB35CF}.Debug|Any CPU.Build.0 = Debug|iPhoneSimulator
		{176B83A0-3878-4159-954E-CEB9ACBB35CF}.Debug|ARM.ActiveCfg = Debug|iPhone
		{176B83A0-3878-4159-954E-CEB9ACBB35CF}.Debug|ARM64.ActiveCfg = Debug|iPhone
		{176B83A0-3878-4159-954E-CEB9ACBB35CF}.Debug|iPhone.ActiveCfg = Debug|iPhone
		{176B83A0-3878-4159-954E-CEB9ACBB35CF}.Debug|iPhone.Build.0 = Debug|iPhone
		{176B83A0-3878-4159-954E-CEB9ACBB35CF}.Debug|iPhoneSimulator.ActiveCfg = Debug|iPhoneSimulator
		{176B83A0-3878-4159-954E-CEB9ACBB35CF}.Debug|iPhoneSimulator.Build.0 = Debug|iPhoneSimulator
		{176B83A0-3878-4159-954E-CEB9ACBB35CF}.Debug|x64.ActiveCfg = Debug|iPhone
		{176B83A0-3878-4159-954E-CEB9ACBB35CF}.Debug|x86.ActiveCfg = Debug|iPhone
		{176B83A0-3878-4159-954E-CEB9ACBB35CF}.Release|Any CPU.ActiveCfg = Release|iPhone
		{176B83A0-3878-4159-954E-CEB9ACBB35CF}.Release|Any CPU.Build.0 = Release|iPhone
		{176B83A0-3878-4159-954E-CEB9ACBB35CF}.Release|ARM.ActiveCfg = Release|iPhoneSimulator
		{176B83A0-3878-4159-954E-CEB9ACBB35CF}.Release|ARM64.ActiveCfg = Release|iPhoneSimulator
		{176B83A0-3878-4159-954E-CEB9ACBB35CF}.Release|iPhone.ActiveCfg = Release|iPhone
		{176B83A0-3878-4159-954E-CEB9ACBB35CF}.Release|iPhone.Build.0 = Release|iPhone
		{176B83A0-3878-4159-954E-CEB9ACBB35CF}.Release|iPhoneSimulator.ActiveCfg = Release|iPhoneSimulator
		{176B83A0-3878-4159-954E-CEB9ACBB35CF}.Release|iPhoneSimulator.Build.0 = Release|iPhoneSimulator
		{176B83A0-3878-4159-954E-CEB9ACBB35CF}.Release|x64.ActiveCfg = Release|iPhoneSimulator
		{176B83A0-3878-4159-954E-CEB9ACBB35CF}.Release|x86.ActiveCfg = Release|iPhoneSimulator
		{C2B1824E-C187-42B1-AE63-7CEB5DC95AF1}.Debug|Any CPU.ActiveCfg = Debug|Any CPU
		{C2B1824E-C187-42B1-AE63-7CEB5DC95AF1}.Debug|Any CPU.Build.0 = Debug|Any CPU
		{C2B1824E-C187-42B1-AE63-7CEB5DC95AF1}.Debug|ARM.ActiveCfg = Debug|Any CPU
		{C2B1824E-C187-42B1-AE63-7CEB5DC95AF1}.Debug|ARM.Build.0 = Debug|Any CPU
		{C2B1824E-C187-42B1-AE63-7CEB5DC95AF1}.Debug|ARM.Deploy.0 = Debug|Any CPU
		{C2B1824E-C187-42B1-AE63-7CEB5DC95AF1}.Debug|ARM64.ActiveCfg = Debug|Any CPU
		{C2B1824E-C187-42B1-AE63-7CEB5DC95AF1}.Debug|ARM64.Build.0 = Debug|Any CPU
		{C2B1824E-C187-42B1-AE63-7CEB5DC95AF1}.Debug|ARM64.Deploy.0 = Debug|Any CPU
		{C2B1824E-C187-42B1-AE63-7CEB5DC95AF1}.Debug|iPhone.ActiveCfg = Debug|Any CPU
		{C2B1824E-C187-42B1-AE63-7CEB5DC95AF1}.Debug|iPhone.Build.0 = Debug|Any CPU
		{C2B1824E-C187-42B1-AE63-7CEB5DC95AF1}.Debug|iPhoneSimulator.ActiveCfg = Debug|Any CPU
		{C2B1824E-C187-42B1-AE63-7CEB5DC95AF1}.Debug|iPhoneSimulator.Build.0 = Debug|Any CPU
		{C2B1824E-C187-42B1-AE63-7CEB5DC95AF1}.Debug|x64.ActiveCfg = Debug|Any CPU
		{C2B1824E-C187-42B1-AE63-7CEB5DC95AF1}.Debug|x64.Build.0 = Debug|Any CPU
		{C2B1824E-C187-42B1-AE63-7CEB5DC95AF1}.Debug|x64.Deploy.0 = Debug|Any CPU
		{C2B1824E-C187-42B1-AE63-7CEB5DC95AF1}.Debug|x86.ActiveCfg = Debug|Any CPU
		{C2B1824E-C187-42B1-AE63-7CEB5DC95AF1}.Debug|x86.Build.0 = Debug|Any CPU
		{C2B1824E-C187-42B1-AE63-7CEB5DC95AF1}.Debug|x86.Deploy.0 = Debug|Any CPU
		{C2B1824E-C187-42B1-AE63-7CEB5DC95AF1}.Release|Any CPU.ActiveCfg = Release|Any CPU
		{C2B1824E-C187-42B1-AE63-7CEB5DC95AF1}.Release|Any CPU.Build.0 = Release|Any CPU
		{C2B1824E-C187-42B1-AE63-7CEB5DC95AF1}.Release|ARM.ActiveCfg = Release|Any CPU
		{C2B1824E-C187-42B1-AE63-7CEB5DC95AF1}.Release|ARM.Build.0 = Release|Any CPU
		{C2B1824E-C187-42B1-AE63-7CEB5DC95AF1}.Release|ARM.Deploy.0 = Release|Any CPU
		{C2B1824E-C187-42B1-AE63-7CEB5DC95AF1}.Release|ARM64.ActiveCfg = Release|Any CPU
		{C2B1824E-C187-42B1-AE63-7CEB5DC95AF1}.Release|ARM64.Build.0 = Release|Any CPU
		{C2B1824E-C187-42B1-AE63-7CEB5DC95AF1}.Release|ARM64.Deploy.0 = Release|Any CPU
		{C2B1824E-C187-42B1-AE63-7CEB5DC95AF1}.Release|iPhone.ActiveCfg = Release|Any CPU
		{C2B1824E-C187-42B1-AE63-7CEB5DC95AF1}.Release|iPhone.Build.0 = Release|Any CPU
		{C2B1824E-C187-42B1-AE63-7CEB5DC95AF1}.Release|iPhoneSimulator.ActiveCfg = Release|Any CPU
		{C2B1824E-C187-42B1-AE63-7CEB5DC95AF1}.Release|iPhoneSimulator.Build.0 = Release|Any CPU
		{C2B1824E-C187-42B1-AE63-7CEB5DC95AF1}.Release|x64.ActiveCfg = Release|Any CPU
		{C2B1824E-C187-42B1-AE63-7CEB5DC95AF1}.Release|x64.Build.0 = Release|Any CPU
		{C2B1824E-C187-42B1-AE63-7CEB5DC95AF1}.Release|x64.Deploy.0 = Release|Any CPU
		{C2B1824E-C187-42B1-AE63-7CEB5DC95AF1}.Release|x86.ActiveCfg = Release|Any CPU
		{C2B1824E-C187-42B1-AE63-7CEB5DC95AF1}.Release|x86.Build.0 = Release|Any CPU
		{C2B1824E-C187-42B1-AE63-7CEB5DC95AF1}.Release|x86.Deploy.0 = Release|Any CPU
		{26CFF98B-56A6-4BDF-A231-CC5E8553F2F6}.Debug|Any CPU.ActiveCfg = Debug|Any CPU
		{26CFF98B-56A6-4BDF-A231-CC5E8553F2F6}.Debug|Any CPU.Build.0 = Debug|Any CPU
		{26CFF98B-56A6-4BDF-A231-CC5E8553F2F6}.Debug|ARM.ActiveCfg = Debug|Any CPU
		{26CFF98B-56A6-4BDF-A231-CC5E8553F2F6}.Debug|ARM.Build.0 = Debug|Any CPU
		{26CFF98B-56A6-4BDF-A231-CC5E8553F2F6}.Debug|ARM64.ActiveCfg = Debug|Any CPU
		{26CFF98B-56A6-4BDF-A231-CC5E8553F2F6}.Debug|ARM64.Build.0 = Debug|Any CPU
		{26CFF98B-56A6-4BDF-A231-CC5E8553F2F6}.Debug|iPhone.ActiveCfg = Debug|Any CPU
		{26CFF98B-56A6-4BDF-A231-CC5E8553F2F6}.Debug|iPhone.Build.0 = Debug|Any CPU
		{26CFF98B-56A6-4BDF-A231-CC5E8553F2F6}.Debug|iPhoneSimulator.ActiveCfg = Debug|Any CPU
		{26CFF98B-56A6-4BDF-A231-CC5E8553F2F6}.Debug|iPhoneSimulator.Build.0 = Debug|Any CPU
		{26CFF98B-56A6-4BDF-A231-CC5E8553F2F6}.Debug|x64.ActiveCfg = Debug|Any CPU
		{26CFF98B-56A6-4BDF-A231-CC5E8553F2F6}.Debug|x64.Build.0 = Debug|Any CPU
		{26CFF98B-56A6-4BDF-A231-CC5E8553F2F6}.Debug|x86.ActiveCfg = Debug|Any CPU
		{26CFF98B-56A6-4BDF-A231-CC5E8553F2F6}.Debug|x86.Build.0 = Debug|Any CPU
		{26CFF98B-56A6-4BDF-A231-CC5E8553F2F6}.Release|Any CPU.ActiveCfg = Release|Any CPU
		{26CFF98B-56A6-4BDF-A231-CC5E8553F2F6}.Release|Any CPU.Build.0 = Release|Any CPU
		{26CFF98B-56A6-4BDF-A231-CC5E8553F2F6}.Release|ARM.ActiveCfg = Release|Any CPU
		{26CFF98B-56A6-4BDF-A231-CC5E8553F2F6}.Release|ARM.Build.0 = Release|Any CPU
		{26CFF98B-56A6-4BDF-A231-CC5E8553F2F6}.Release|ARM64.ActiveCfg = Release|Any CPU
		{26CFF98B-56A6-4BDF-A231-CC5E8553F2F6}.Release|ARM64.Build.0 = Release|Any CPU
		{26CFF98B-56A6-4BDF-A231-CC5E8553F2F6}.Release|iPhone.ActiveCfg = Release|Any CPU
		{26CFF98B-56A6-4BDF-A231-CC5E8553F2F6}.Release|iPhone.Build.0 = Release|Any CPU
		{26CFF98B-56A6-4BDF-A231-CC5E8553F2F6}.Release|iPhoneSimulator.ActiveCfg = Release|Any CPU
		{26CFF98B-56A6-4BDF-A231-CC5E8553F2F6}.Release|iPhoneSimulator.Build.0 = Release|Any CPU
		{26CFF98B-56A6-4BDF-A231-CC5E8553F2F6}.Release|x64.ActiveCfg = Release|Any CPU
		{26CFF98B-56A6-4BDF-A231-CC5E8553F2F6}.Release|x64.Build.0 = Release|Any CPU
		{26CFF98B-56A6-4BDF-A231-CC5E8553F2F6}.Release|x86.ActiveCfg = Release|Any CPU
		{26CFF98B-56A6-4BDF-A231-CC5E8553F2F6}.Release|x86.Build.0 = Release|Any CPU
		{48702F21-AAC8-459F-A370-25BDCBF760BD}.Debug|Any CPU.ActiveCfg = Debug|Any CPU
		{48702F21-AAC8-459F-A370-25BDCBF760BD}.Debug|Any CPU.Build.0 = Debug|Any CPU
		{48702F21-AAC8-459F-A370-25BDCBF760BD}.Debug|ARM.ActiveCfg = Debug|Any CPU
		{48702F21-AAC8-459F-A370-25BDCBF760BD}.Debug|ARM.Build.0 = Debug|Any CPU
		{48702F21-AAC8-459F-A370-25BDCBF760BD}.Debug|ARM64.ActiveCfg = Debug|Any CPU
		{48702F21-AAC8-459F-A370-25BDCBF760BD}.Debug|ARM64.Build.0 = Debug|Any CPU
		{48702F21-AAC8-459F-A370-25BDCBF760BD}.Debug|iPhone.ActiveCfg = Debug|Any CPU
		{48702F21-AAC8-459F-A370-25BDCBF760BD}.Debug|iPhone.Build.0 = Debug|Any CPU
		{48702F21-AAC8-459F-A370-25BDCBF760BD}.Debug|iPhoneSimulator.ActiveCfg = Debug|Any CPU
		{48702F21-AAC8-459F-A370-25BDCBF760BD}.Debug|iPhoneSimulator.Build.0 = Debug|Any CPU
		{48702F21-AAC8-459F-A370-25BDCBF760BD}.Debug|x64.ActiveCfg = Debug|Any CPU
		{48702F21-AAC8-459F-A370-25BDCBF760BD}.Debug|x64.Build.0 = Debug|Any CPU
		{48702F21-AAC8-459F-A370-25BDCBF760BD}.Debug|x86.ActiveCfg = Debug|Any CPU
		{48702F21-AAC8-459F-A370-25BDCBF760BD}.Debug|x86.Build.0 = Debug|Any CPU
		{48702F21-AAC8-459F-A370-25BDCBF760BD}.Release|Any CPU.ActiveCfg = Release|Any CPU
		{48702F21-AAC8-459F-A370-25BDCBF760BD}.Release|Any CPU.Build.0 = Release|Any CPU
		{48702F21-AAC8-459F-A370-25BDCBF760BD}.Release|ARM.ActiveCfg = Release|Any CPU
		{48702F21-AAC8-459F-A370-25BDCBF760BD}.Release|ARM.Build.0 = Release|Any CPU
		{48702F21-AAC8-459F-A370-25BDCBF760BD}.Release|ARM64.ActiveCfg = Release|Any CPU
		{48702F21-AAC8-459F-A370-25BDCBF760BD}.Release|ARM64.Build.0 = Release|Any CPU
		{48702F21-AAC8-459F-A370-25BDCBF760BD}.Release|iPhone.ActiveCfg = Release|Any CPU
		{48702F21-AAC8-459F-A370-25BDCBF760BD}.Release|iPhone.Build.0 = Release|Any CPU
		{48702F21-AAC8-459F-A370-25BDCBF760BD}.Release|iPhoneSimulator.ActiveCfg = Release|Any CPU
		{48702F21-AAC8-459F-A370-25BDCBF760BD}.Release|iPhoneSimulator.Build.0 = Release|Any CPU
		{48702F21-AAC8-459F-A370-25BDCBF760BD}.Release|x64.ActiveCfg = Release|Any CPU
		{48702F21-AAC8-459F-A370-25BDCBF760BD}.Release|x64.Build.0 = Release|Any CPU
		{48702F21-AAC8-459F-A370-25BDCBF760BD}.Release|x86.ActiveCfg = Release|Any CPU
		{48702F21-AAC8-459F-A370-25BDCBF760BD}.Release|x86.Build.0 = Release|Any CPU
		{3FC55525-BE91-40F1-97E5-EBF1CC2F7C99}.Debug|Any CPU.ActiveCfg = Debug|Any CPU
		{3FC55525-BE91-40F1-97E5-EBF1CC2F7C99}.Debug|Any CPU.Build.0 = Debug|Any CPU
		{3FC55525-BE91-40F1-97E5-EBF1CC2F7C99}.Debug|ARM.ActiveCfg = Debug|Any CPU
		{3FC55525-BE91-40F1-97E5-EBF1CC2F7C99}.Debug|ARM.Build.0 = Debug|Any CPU
		{3FC55525-BE91-40F1-97E5-EBF1CC2F7C99}.Debug|ARM64.ActiveCfg = Debug|Any CPU
		{3FC55525-BE91-40F1-97E5-EBF1CC2F7C99}.Debug|ARM64.Build.0 = Debug|Any CPU
		{3FC55525-BE91-40F1-97E5-EBF1CC2F7C99}.Debug|iPhone.ActiveCfg = Debug|Any CPU
		{3FC55525-BE91-40F1-97E5-EBF1CC2F7C99}.Debug|iPhone.Build.0 = Debug|Any CPU
		{3FC55525-BE91-40F1-97E5-EBF1CC2F7C99}.Debug|iPhoneSimulator.ActiveCfg = Debug|Any CPU
		{3FC55525-BE91-40F1-97E5-EBF1CC2F7C99}.Debug|iPhoneSimulator.Build.0 = Debug|Any CPU
		{3FC55525-BE91-40F1-97E5-EBF1CC2F7C99}.Debug|x64.ActiveCfg = Debug|Any CPU
		{3FC55525-BE91-40F1-97E5-EBF1CC2F7C99}.Debug|x64.Build.0 = Debug|Any CPU
		{3FC55525-BE91-40F1-97E5-EBF1CC2F7C99}.Debug|x86.ActiveCfg = Debug|Any CPU
		{3FC55525-BE91-40F1-97E5-EBF1CC2F7C99}.Debug|x86.Build.0 = Debug|Any CPU
		{3FC55525-BE91-40F1-97E5-EBF1CC2F7C99}.Release|Any CPU.ActiveCfg = Release|Any CPU
		{3FC55525-BE91-40F1-97E5-EBF1CC2F7C99}.Release|Any CPU.Build.0 = Release|Any CPU
		{3FC55525-BE91-40F1-97E5-EBF1CC2F7C99}.Release|ARM.ActiveCfg = Release|Any CPU
		{3FC55525-BE91-40F1-97E5-EBF1CC2F7C99}.Release|ARM.Build.0 = Release|Any CPU
		{3FC55525-BE91-40F1-97E5-EBF1CC2F7C99}.Release|ARM64.ActiveCfg = Release|Any CPU
		{3FC55525-BE91-40F1-97E5-EBF1CC2F7C99}.Release|ARM64.Build.0 = Release|Any CPU
		{3FC55525-BE91-40F1-97E5-EBF1CC2F7C99}.Release|iPhone.ActiveCfg = Release|Any CPU
		{3FC55525-BE91-40F1-97E5-EBF1CC2F7C99}.Release|iPhone.Build.0 = Release|Any CPU
		{3FC55525-BE91-40F1-97E5-EBF1CC2F7C99}.Release|iPhoneSimulator.ActiveCfg = Release|Any CPU
		{3FC55525-BE91-40F1-97E5-EBF1CC2F7C99}.Release|iPhoneSimulator.Build.0 = Release|Any CPU
		{3FC55525-BE91-40F1-97E5-EBF1CC2F7C99}.Release|x64.ActiveCfg = Release|Any CPU
		{3FC55525-BE91-40F1-97E5-EBF1CC2F7C99}.Release|x64.Build.0 = Release|Any CPU
		{3FC55525-BE91-40F1-97E5-EBF1CC2F7C99}.Release|x86.ActiveCfg = Release|Any CPU
		{3FC55525-BE91-40F1-97E5-EBF1CC2F7C99}.Release|x86.Build.0 = Release|Any CPU
		{F61C1024-291F-416B-8F81-6C6F3346B942}.Debug|Any CPU.ActiveCfg = Debug|Any CPU
		{F61C1024-291F-416B-8F81-6C6F3346B942}.Debug|Any CPU.Build.0 = Debug|Any CPU
		{F61C1024-291F-416B-8F81-6C6F3346B942}.Debug|ARM.ActiveCfg = Debug|ARM
		{F61C1024-291F-416B-8F81-6C6F3346B942}.Debug|ARM.Build.0 = Debug|ARM
		{F61C1024-291F-416B-8F81-6C6F3346B942}.Debug|ARM64.ActiveCfg = Debug|ARM64
		{F61C1024-291F-416B-8F81-6C6F3346B942}.Debug|ARM64.Build.0 = Debug|ARM64
		{F61C1024-291F-416B-8F81-6C6F3346B942}.Debug|iPhone.ActiveCfg = Debug|Any CPU
		{F61C1024-291F-416B-8F81-6C6F3346B942}.Debug|iPhone.Build.0 = Debug|Any CPU
		{F61C1024-291F-416B-8F81-6C6F3346B942}.Debug|iPhoneSimulator.ActiveCfg = Debug|Any CPU
		{F61C1024-291F-416B-8F81-6C6F3346B942}.Debug|iPhoneSimulator.Build.0 = Debug|Any CPU
		{F61C1024-291F-416B-8F81-6C6F3346B942}.Debug|x64.ActiveCfg = Debug|x64
		{F61C1024-291F-416B-8F81-6C6F3346B942}.Debug|x64.Build.0 = Debug|x64
		{F61C1024-291F-416B-8F81-6C6F3346B942}.Debug|x86.ActiveCfg = Debug|x86
		{F61C1024-291F-416B-8F81-6C6F3346B942}.Debug|x86.Build.0 = Debug|x86
		{F61C1024-291F-416B-8F81-6C6F3346B942}.Release|Any CPU.ActiveCfg = Release|Any CPU
		{F61C1024-291F-416B-8F81-6C6F3346B942}.Release|Any CPU.Build.0 = Release|Any CPU
		{F61C1024-291F-416B-8F81-6C6F3346B942}.Release|ARM.ActiveCfg = Release|ARM
		{F61C1024-291F-416B-8F81-6C6F3346B942}.Release|ARM.Build.0 = Release|ARM
		{F61C1024-291F-416B-8F81-6C6F3346B942}.Release|ARM64.ActiveCfg = Release|ARM64
		{F61C1024-291F-416B-8F81-6C6F3346B942}.Release|ARM64.Build.0 = Release|ARM64
		{F61C1024-291F-416B-8F81-6C6F3346B942}.Release|iPhone.ActiveCfg = Release|Any CPU
		{F61C1024-291F-416B-8F81-6C6F3346B942}.Release|iPhone.Build.0 = Release|Any CPU
		{F61C1024-291F-416B-8F81-6C6F3346B942}.Release|iPhoneSimulator.ActiveCfg = Release|Any CPU
		{F61C1024-291F-416B-8F81-6C6F3346B942}.Release|iPhoneSimulator.Build.0 = Release|Any CPU
		{F61C1024-291F-416B-8F81-6C6F3346B942}.Release|x64.ActiveCfg = Release|x64
		{F61C1024-291F-416B-8F81-6C6F3346B942}.Release|x64.Build.0 = Release|x64
		{F61C1024-291F-416B-8F81-6C6F3346B942}.Release|x86.ActiveCfg = Release|x86
		{F61C1024-291F-416B-8F81-6C6F3346B942}.Release|x86.Build.0 = Release|x86
		{D3D5B122-CC4B-4D7F-B04B-CD4579897EBE}.Debug|Any CPU.ActiveCfg = Debug|x86
		{D3D5B122-CC4B-4D7F-B04B-CD4579897EBE}.Debug|Any CPU.Build.0 = Debug|x86
		{D3D5B122-CC4B-4D7F-B04B-CD4579897EBE}.Debug|ARM.ActiveCfg = Debug|ARM
		{D3D5B122-CC4B-4D7F-B04B-CD4579897EBE}.Debug|ARM.Build.0 = Debug|ARM
		{D3D5B122-CC4B-4D7F-B04B-CD4579897EBE}.Debug|ARM.Deploy.0 = Debug|ARM
		{D3D5B122-CC4B-4D7F-B04B-CD4579897EBE}.Debug|ARM64.ActiveCfg = Debug|ARM64
		{D3D5B122-CC4B-4D7F-B04B-CD4579897EBE}.Debug|ARM64.Build.0 = Debug|ARM64
		{D3D5B122-CC4B-4D7F-B04B-CD4579897EBE}.Debug|ARM64.Deploy.0 = Debug|ARM64
		{D3D5B122-CC4B-4D7F-B04B-CD4579897EBE}.Debug|iPhone.ActiveCfg = Debug|x86
		{D3D5B122-CC4B-4D7F-B04B-CD4579897EBE}.Debug|iPhoneSimulator.ActiveCfg = Debug|x86
		{D3D5B122-CC4B-4D7F-B04B-CD4579897EBE}.Debug|iPhoneSimulator.Build.0 = Debug|x86
		{D3D5B122-CC4B-4D7F-B04B-CD4579897EBE}.Debug|x64.ActiveCfg = Debug|x64
		{D3D5B122-CC4B-4D7F-B04B-CD4579897EBE}.Debug|x64.Build.0 = Debug|x64
		{D3D5B122-CC4B-4D7F-B04B-CD4579897EBE}.Debug|x64.Deploy.0 = Debug|x64
		{D3D5B122-CC4B-4D7F-B04B-CD4579897EBE}.Debug|x86.ActiveCfg = Debug|x86
		{D3D5B122-CC4B-4D7F-B04B-CD4579897EBE}.Debug|x86.Build.0 = Debug|x86
		{D3D5B122-CC4B-4D7F-B04B-CD4579897EBE}.Debug|x86.Deploy.0 = Debug|x86
		{D3D5B122-CC4B-4D7F-B04B-CD4579897EBE}.Release|Any CPU.ActiveCfg = Release|x86
		{D3D5B122-CC4B-4D7F-B04B-CD4579897EBE}.Release|ARM.ActiveCfg = Release|ARM
		{D3D5B122-CC4B-4D7F-B04B-CD4579897EBE}.Release|ARM.Build.0 = Release|ARM
		{D3D5B122-CC4B-4D7F-B04B-CD4579897EBE}.Release|ARM.Deploy.0 = Release|ARM
		{D3D5B122-CC4B-4D7F-B04B-CD4579897EBE}.Release|ARM64.ActiveCfg = Release|ARM64
		{D3D5B122-CC4B-4D7F-B04B-CD4579897EBE}.Release|ARM64.Build.0 = Release|ARM64
		{D3D5B122-CC4B-4D7F-B04B-CD4579897EBE}.Release|ARM64.Deploy.0 = Release|ARM64
		{D3D5B122-CC4B-4D7F-B04B-CD4579897EBE}.Release|iPhone.ActiveCfg = Release|x86
		{D3D5B122-CC4B-4D7F-B04B-CD4579897EBE}.Release|iPhoneSimulator.ActiveCfg = Release|x86
		{D3D5B122-CC4B-4D7F-B04B-CD4579897EBE}.Release|x64.ActiveCfg = Release|x64
		{D3D5B122-CC4B-4D7F-B04B-CD4579897EBE}.Release|x64.Build.0 = Release|x64
		{D3D5B122-CC4B-4D7F-B04B-CD4579897EBE}.Release|x64.Deploy.0 = Release|x64
		{D3D5B122-CC4B-4D7F-B04B-CD4579897EBE}.Release|x86.ActiveCfg = Release|x86
		{D3D5B122-CC4B-4D7F-B04B-CD4579897EBE}.Release|x86.Build.0 = Release|x86
		{D3D5B122-CC4B-4D7F-B04B-CD4579897EBE}.Release|x86.Deploy.0 = Release|x86
	EndGlobalSection
	GlobalSection(SolutionProperties) = preSolution
		HideSolutionNode = FALSE
	EndGlobalSection
	GlobalSection(NestedProjects) = preSolution
		{2690DF4E-ECB5-4146-9F03-63ED65D216F2} = {03F44A59-06F6-4AB9-B462-07188BDAEAE2}
		{176B83A0-3878-4159-954E-CEB9ACBB35CF} = {03F44A59-06F6-4AB9-B462-07188BDAEAE2}
		{C2B1824E-C187-42B1-AE63-7CEB5DC95AF1} = {03F44A59-06F6-4AB9-B462-07188BDAEAE2}
		{D3D5B122-CC4B-4D7F-B04B-CD4579897EBE} = {03F44A59-06F6-4AB9-B462-07188BDAEAE2}
	EndGlobalSection
	GlobalSection(ExtensibilityGlobals) = postSolution
		SolutionGuid = {D34E4432-6E52-4439-A376-93038ADE511E}
	EndGlobalSection
EndGlobal
