Microsoft Visual Studio Solution File, Format Version 12.00
# Visual Studio Version 16
VisualStudioVersion = 16.0.30413.136
MinimumVisualStudioVersion = 10.0.40219.1
Project("{FAE04EC0-301F-11D3-BF4B-00C04F79EFBC}") = "ProgressRing.Forms.Plugin", "ProgressRing.Forms.Plugin\ProgressRing.Forms.Plugin.csproj", "{26CFF98B-56A6-4BDF-A231-CC5E8553F2F6}"
EndProject
Project("{FAE04EC0-301F-11D3-BF4B-00C04F79EFBC}") = "ProgressRing.Forms.Plugin.iOS", "ProgressRing.Forms.Plugin.iOS\ProgressRing.Forms.Plugin.iOS.csproj", "{3FC55525-BE91-40F1-97E5-EBF1CC2F7C99}"
EndProject
Project("{FAE04EC0-301F-11D3-BF4B-00C04F79EFBC}") = "ProgressRing.Forms.Plugin.Android", "ProgressRing.Forms.Plugin.Android\ProgressRing.Forms.Plugin.Android.csproj", "{48702F21-AAC8-459F-A370-25BDCBF760BD}"
EndProject
Project("{FAE04EC0-301F-11D3-BF4B-00C04F79EFBC}") = "ProgressRing.Forms.Plugin.UWP", "ProgressRing.Forms.Plugin.UWP\ProgressRing.Forms.Plugin.UWP.csproj", "{F61C1024-291F-416B-8F81-6C6F3346B942}"
EndProject
Global
	GlobalSection(SolutionConfigurationPlatforms) = preSolution
		Debug|Any CPU = Debug|Any CPU
		Debug|ARM = Debug|ARM
		Debug|ARM64 = Debug|ARM64
		Debug|x64 = Debug|x64
		Debug|x86 = Debug|x86
		Release|Any CPU = Release|Any CPU
		Release|ARM = Release|ARM
		Release|ARM64 = Release|ARM64
		Release|x64 = Release|x64
		Release|x86 = Release|x86
	EndGlobalSection
	GlobalSection(ProjectConfigurationPlatforms) = postSolution
		{26CFF98B-56A6-4BDF-A231-CC5E8553F2F6}.Debug|Any CPU.ActiveCfg = Debug|Any CPU
		{26CFF98B-56A6-4BDF-A231-CC5E8553F2F6}.Debug|Any CPU.Build.0 = Debug|Any CPU
		{26CFF98B-56A6-4BDF-A231-CC5E8553F2F6}.Debug|ARM.ActiveCfg = Debug|Any CPU
		{26CFF98B-56A6-4BDF-A231-CC5E8553F2F6}.Debug|ARM.Build.0 = Debug|Any CPU
		{26CFF98B-56A6-4BDF-A231-CC5E8553F2F6}.Debug|ARM64.ActiveCfg = Debug|Any CPU
		{26CFF98B-56A6-4BDF-A231-CC5E8553F2F6}.Debug|ARM64.Build.0 = Debug|Any CPU
		{26CFF98B-56A6-4BDF-A231-CC5E8553F2F6}.Debug|x64.ActiveCfg = Debug|Any CPU
		{26CFF98B-56A6-4BDF-A231-CC5E8553F2F6}.Debug|x64.Build.0 = Debug|Any CPU
		{26CFF98B-56A6-4BDF-A231-CC5E8553F2F6}.Debug|x86.ActiveCfg = Debug|Any CPU
		{26CFF98B-56A6-4BDF-A231-CC5E8553F2F6}.Debug|x86.Build.0 = Debug|Any CPU
		{26CFF98B-56A6-4BDF-A231-CC5E8553F2F6}.Release|Any CPU.ActiveCfg = Release|Any CPU
		{26CFF98B-56A6-4BDF-A231-CC5E8553F2F6}.Release|Any CPU.Build.0 = Release|Any CPU
		{26CFF98B-56A6-4BDF-A231-CC5E8553F2F6}.Release|ARM.ActiveCfg = Release|Any CPU
		{26CFF98B-56A6-4BDF-A231-CC5E8553F2F6}.Release|ARM.Build.0 = Release|Any CPU
		{26CFF98B-56A6-4BDF-A231-CC5E8553F2F6}.Release|ARM64.ActiveCfg = Release|Any CPU
		{26CFF98B-56A6-4BDF-A231-CC5E8553F2F6}.Release|ARM64.Build.0 = Release|Any CPU
		{26CFF98B-56A6-4BDF-A231-CC5E8553F2F6}.Release|x64.ActiveCfg = Release|Any CPU
		{26CFF98B-56A6-4BDF-A231-CC5E8553F2F6}.Release|x64.Build.0 = Release|Any CPU
		{26CFF98B-56A6-4BDF-A231-CC5E8553F2F6}.Release|x86.ActiveCfg = Release|Any CPU
		{26CFF98B-56A6-4BDF-A231-CC5E8553F2F6}.Release|x86.Build.0 = Release|Any CPU
		{3FC55525-BE91-40F1-97E5-EBF1CC2F7C99}.Debug|Any CPU.ActiveCfg = Debug|Any CPU
		{3FC55525-BE91-40F1-97E5-EBF1CC2F7C99}.Debug|Any CPU.Build.0 = Debug|Any CPU
		{3FC55525-BE91-40F1-97E5-EBF1CC2F7C99}.Debug|ARM.ActiveCfg = Debug|Any CPU
		{3FC55525-BE91-40F1-97E5-EBF1CC2F7C99}.Debug|ARM.Build.0 = Debug|Any CPU
		{3FC55525-BE91-40F1-97E5-EBF1CC2F7C99}.Debug|ARM64.ActiveCfg = Debug|Any CPU
		{3FC55525-BE91-40F1-97E5-EBF1CC2F7C99}.Debug|ARM64.Build.0 = Debug|Any CPU
		{3FC55525-BE91-40F1-97E5-EBF1CC2F7C99}.Debug|x64.ActiveCfg = Debug|Any CPU
		{3FC55525-BE91-40F1-97E5-EBF1CC2F7C99}.Debug|x64.Build.0 = Debug|Any CPU
		{3FC55525-BE91-40F1-97E5-EBF1CC2F7C99}.Debug|x86.ActiveCfg = Debug|Any CPU
		{3FC55525-BE91-40F1-97E5-EBF1CC2F7C99}.Debug|x86.Build.0 = Debug|Any CPU
		{3FC55525-BE91-40F1-97E5-EBF1CC2F7C99}.Release|Any CPU.ActiveCfg = Release|Any CPU
		{3FC55525-BE91-40F1-97E5-EBF1CC2F7C99}.Release|Any CPU.Build.0 = Release|Any CPU
		{3FC55525-BE91-40F1-97E5-EBF1CC2F7C99}.Release|ARM.ActiveCfg = Release|Any CPU
		{3FC55525-BE91-40F1-97E5-EBF1CC2F7C99}.Release|ARM.Build.0 = Release|Any CPU
		{3FC55525-BE91-40F1-97E5-EBF1CC2F7C99}.Release|ARM64.ActiveCfg = Release|Any CPU
		{3FC55525-BE91-40F1-97E5-EBF1CC2F7C99}.Release|ARM64.Build.0 = Release|Any CPU
		{3FC55525-BE91-40F1-97E5-EBF1CC2F7C99}.Release|x64.ActiveCfg = Release|Any CPU
		{3FC55525-BE91-40F1-97E5-EBF1CC2F7C99}.Release|x64.Build.0 = Release|Any CPU
		{3FC55525-BE91-40F1-97E5-EBF1CC2F7C99}.Release|x86.ActiveCfg = Release|Any CPU
		{3FC55525-BE91-40F1-97E5-EBF1CC2F7C99}.Release|x86.Build.0 = Release|Any CPU
		{48702F21-AAC8-459F-A370-25BDCBF760BD}.Debug|Any CPU.ActiveCfg = Debug|Any CPU
		{48702F21-AAC8-459F-A370-25BDCBF760BD}.Debug|Any CPU.Build.0 = Debug|Any CPU
		{48702F21-AAC8-459F-A370-25BDCBF760BD}.Debug|ARM.ActiveCfg = Debug|Any CPU
		{48702F21-AAC8-459F-A370-25BDCBF760BD}.Debug|ARM.Build.0 = Debug|Any CPU
		{48702F21-AAC8-459F-A370-25BDCBF760BD}.Debug|ARM64.ActiveCfg = Debug|Any CPU
		{48702F21-AAC8-459F-A370-25BDCBF760BD}.Debug|ARM64.Build.0 = Debug|Any CPU
		{48702F21-AAC8-459F-A370-25BDCBF760BD}.Debug|x64.ActiveCfg = Debug|Any CPU
		{48702F21-AAC8-459F-A370-25BDCBF760BD}.Debug|x64.Build.0 = Debug|Any CPU
		{48702F21-AAC8-459F-A370-25BDCBF760BD}.Debug|x86.ActiveCfg = Debug|Any CPU
		{48702F21-AAC8-459F-A370-25BDCBF760BD}.Debug|x86.Build.0 = Debug|Any CPU
		{48702F21-AAC8-459F-A370-25BDCBF760BD}.Release|Any CPU.ActiveCfg = Release|Any CPU
		{48702F21-AAC8-459F-A370-25BDCBF760BD}.Release|Any CPU.Build.0 = Release|Any CPU
		{48702F21-AAC8-459F-A370-25BDCBF760BD}.Release|ARM.ActiveCfg = Release|Any CPU
		{48702F21-AAC8-459F-A370-25BDCBF760BD}.Release|ARM.Build.0 = Release|Any CPU
		{48702F21-AAC8-459F-A370-25BDCBF760BD}.Release|ARM64.ActiveCfg = Release|Any CPU
		{48702F21-AAC8-459F-A370-25BDCBF760BD}.Release|ARM64.Build.0 = Release|Any CPU
		{48702F21-AAC8-459F-A370-25BDCBF760BD}.Release|x64.ActiveCfg = Release|Any CPU
		{48702F21-AAC8-459F-A370-25BDCBF760BD}.Release|x64.Build.0 = Release|Any CPU
		{48702F21-AAC8-459F-A370-25BDCBF760BD}.Release|x86.ActiveCfg = Release|Any CPU
		{48702F21-AAC8-459F-A370-25BDCBF760BD}.Release|x86.Build.0 = Release|Any CPU
		{F61C1024-291F-416B-8F81-6C6F3346B942}.Debug|Any CPU.ActiveCfg = Debug|Any CPU
		{F61C1024-291F-416B-8F81-6C6F3346B942}.Debug|Any CPU.Build.0 = Debug|Any CPU
		{F61C1024-291F-416B-8F81-6C6F3346B942}.Debug|ARM.ActiveCfg = Debug|ARM
		{F61C1024-291F-416B-8F81-6C6F3346B942}.Debug|ARM.Build.0 = Debug|ARM
		{F61C1024-291F-416B-8F81-6C6F3346B942}.Debug|ARM64.ActiveCfg = Debug|ARM64
		{F61C1024-291F-416B-8F81-6C6F3346B942}.Debug|ARM64.Build.0 = Debug|ARM64
		{F61C1024-291F-416B-8F81-6C6F3346B942}.Debug|x64.ActiveCfg = Debug|x64
		{F61C1024-291F-416B-8F81-6C6F3346B942}.Debug|x64.Build.0 = Debug|x64
		{F61C1024-291F-416B-8F81-6C6F3346B942}.Debug|x86.ActiveCfg = Debug|x86
		{F61C1024-291F-416B-8F81-6C6F3346B942}.Debug|x86.Build.0 = Debug|x86
		{F61C1024-291F-416B-8F81-6C6F3346B942}.Release|Any CPU.ActiveCfg = Release|Any CPU
		{F61C1024-291F-416B-8F81-6C6F3346B942}.Release|Any CPU.Build.0 = Release|Any CPU
		{F61C1024-291F-416B-8F81-6C6F3346B942}.Release|ARM.ActiveCfg = Release|ARM
		{F61C1024-291F-416B-8F81-6C6F3346B942}.Release|ARM.Build.0 = Release|ARM
		{F61C1024-291F-416B-8F81-6C6F3346B942}.Release|ARM64.ActiveCfg = Release|ARM64
		{F61C1024-291F-416B-8F81-6C6F3346B942}.Release|ARM64.Build.0 = Release|ARM64
		{F61C1024-291F-416B-8F81-6C6F3346B942}.Release|x64.ActiveCfg = Release|x64
		{F61C1024-291F-416B-8F81-6C6F3346B942}.Release|x64.Build.0 = Release|x64
		{F61C1024-291F-416B-8F81-6C6F3346B942}.Release|x86.ActiveCfg = Release|x86
		{F61C1024-291F-416B-8F81-6C6F3346B942}.Release|x86.Build.0 = Release|x86
	EndGlobalSection
	GlobalSection(SolutionProperties) = preSolution
		HideSolutionNode = FALSE
	EndGlobalSection
	GlobalSection(ExtensibilityGlobals) = postSolution
		SolutionGuid = {000BC0A0-B626-4E07-AA27-56A1F243F13A}
	EndGlobalSection
	GlobalSection(MonoDevelopProperties) = preSolution
		version = 0.1.2
	EndGlobalSection
EndGlobal
